{
  "name": "平面図_AI作図",
  "lockfileVersion": 3,
  "requires": true,
  "packages": {
    "": {
      "dependencies": {
        "pdf-to-img": "^5.0.0",
        "sharp": "^0.34.5"
      }
    },
    "node_modules/@emnapi/runtime": {
      "version": "1.9.0",
      "resolved": "https://registry.npmjs.org/@emnapi/runtime/-/runtime-1.9.0.tgz",
      "integrity": "sha512-QN75eB0IH2ywSpRpNddCRfQIhmJYBCJ1x5Lb3IscKAL8bMnVAKnRg8dCoXbHzVLLH7P38N2Z3mtulB7W0J0FKw==",
      "license": "MIT",
      "optional": true,
      "dependencies": {
        "tslib": "^2.4.0"
      }
    },
    "node_modules/@img/colour": {
      "version": "1.1.0",
      "resolved": "https://registry.npmjs.org/@img/colour/-/colour-1.1.0.tgz",
      "integrity": "sha512-Td76q7j57o/tLVdgS746cYARfSyxk8iEfRxewL9h4OMzYhbW4TAcppl0mT4eyqXddh6L/jwoM75mo7ixa/pCeQ==",
      "license": "MIT",
      "engines": {
        "node": ">=18"
      }
    },
    "node_modules/@img/sharp-darwin-arm64": {
      "version": "0.34.5",
      "resolved": "https://registry.npmjs.org/@img/sharp-darwin-arm64/-/sharp-darwin-arm64-0.34.5.tgz",
      "integrity": "sha512-imtQ3WMJXbMY4fxb/Ndp6HBTNVtWCUI0WdobyheGf5+ad6xX8VIDO8u2xE4qc/fr08CKG/7dDseFtn6M6g/r3w==",
      "cpu": [
        "arm64"
      ],
      "license": "Apache-2.0",
      "optional": true,
      "os": [
        "darwin"
      ],
      "engines": {
        "node": "^18.17.0 || ^20.3.0 || >=21.0.0"
      },
      "funding": {
        "url": "https://opencollective.com/libvips"
      },
      "optionalDependencies": {
        "@img/sharp-libvips-darwin-arm64": "1.2.4"
      }
    },
    "node_modules/@img/sharp-darwin-x64": {
      "version": "0.34.5",
      "resolved": "https://registry.npmjs.org/@img/sharp-darwin-x64/-/sharp-darwin-x64-0.34.5.tgz",
      "integrity": "sha512-YNEFAF/4KQ/PeW0N+r+aVVsoIY0/qxxikF2SWdp+NRkmMB7y9LBZAVqQ4yhGCm/H3H270OSykqmQMKLBhBJDEw==",
      "cpu": [
        "x64"
      ],
      "license": "Apache-2.0",
      "optional": true,
      "os": [
        "darwin"
      ],
      "engines": {
        "node": "^18.17.0 || ^20.3.0 || >=21.0.0"
      },
      "funding": {
        "url": "https://opencollective.com/libvips"
      },
      "optionalDependencies": {
        "@img/sharp-libvips-darwin-x64": "1.2.4"
      }
    },
    "node_modules/@img/sharp-libvips-darwin-arm64": {
      "version": "1.2.4",
      "resolved": "https://registry.npmjs.org/@img/sharp-libvips-darwin-arm64/-/sharp-libvips-darwin-arm64-1.2.4.tgz",
      "integrity": "sha512-zqjjo7RatFfFoP0MkQ51jfuFZBnVE2pRiaydKJ1G/rHZvnsrHAOcQALIi9sA5co5xenQdTugCvtb1cuf78Vf4g==",
      "cpu": [
        "arm64"
      ],
      "license": "LGPL-3.0-or-later",
      "optional": true,
      "os": [
        "darwin"
      ],
      "funding": {
        "url": "https://opencollective.com/libvips"
      }
    },
    "node_modules/@img/sharp-libvips-darwin-x64": {
      "version": "1.2.4",
      "resolved": "https://registry.npmjs.org/@img/sharp-libvips-darwin-x64/-/sharp-libvips-darwin-x64-1.2.4.tgz",
      "integrity": "sha512-1IOd5xfVhlGwX+zXv2N93k0yMONvUlANylbJw1eTah8K/Jtpi15KC+WSiaX/nBmbm2HxRM1gZ0nSdjSsrZbGKg==",
      "cpu": [
        "x64"
      ],
      "license": "LGPL-3.0-or-later",
      "optional": true,
      "os": [
        "darwin"
      ],
      "funding": {
        "url": "https://opencollective.com/libvips"
      }
    },
    "node_modules/@img/sharp-libvips-linux-arm": {
      "version": "1.2.4",
      "resolved": "https://registry.npmjs.org/@img/sharp-libvips-linux-arm/-/sharp-libvips-linux-arm-1.2.4.tgz",
      "integrity": "sha512-bFI7xcKFELdiNCVov8e44Ia4u2byA+l3XtsAj+Q8tfCwO6BQ8iDojYdvoPMqsKDkuoOo+X6HZA0s0q11ANMQ8A==",
      "cpu": [
        "arm"
      ],
      "license": "LGPL-3.0-or-later",
      "optional": true,
      "os": [
        "linux"
      ],
      "funding": {
        "url": "https://opencollective.com/libvips"
      }
    },
    "node_modules/@img/sharp-libvips-linux-arm64": {
      "version": "1.2.4",
      "resolved": "https://registry.npmjs.org/@img/sharp-libvips-linux-arm64/-/sharp-libvips-linux-arm64-1.2.4.tgz",
      "integrity": "sha512-excjX8DfsIcJ10x1Kzr4RcWe1edC9PquDRRPx3YVCvQv+U5p7Yin2s32ftzikXojb1PIFc/9Mt28/y+iRklkrw==",
      "cpu": [
        "arm64"
      ],
      "license": "LGPL-3.0-or-later",
      "optional": true,
      "os": [
        "linux"
      ],
      "funding": {
        "url": "https://opencollective.com/libvips"
      }
    },
    "node_modules/@img/sharp-libvips-linux-ppc64": {
      "version": "1.2.4",
      "resolved": "https://registry.npmjs.org/@img/sharp-libvips-linux-ppc64/-/sharp-libvips-linux-ppc64-1.2.4.tgz",
      "integrity": "sha512-FMuvGijLDYG6lW+b/UvyilUWu5Ayu+3r2d1S8notiGCIyYU/76eig1UfMmkZ7vwgOrzKzlQbFSuQfgm7GYUPpA==",
      "cpu": [
        "ppc64"
      ],
      "license": "LGPL-3.0-or-later",
      "optional": true,
      "os": [
        "linux"
      ],
      "funding": {
        "url": "https://opencollective.com/libvips"
      }
    },
    "node_modules/@img/sharp-libvips-linux-riscv64": {
      "version": "1.2.4",
      "resolved": "https://registry.npmjs.org/@img/sharp-libvips-linux-riscv64/-/sharp-libvips-linux-riscv64-1.2.4.tgz",
      "integrity": "sha512-oVDbcR4zUC0ce82teubSm+x6ETixtKZBh/qbREIOcI3cULzDyb18Sr/Wcyx7NRQeQzOiHTNbZFF1UwPS2scyGA==",
      "cpu": [
        "riscv64"
      ],
      "license": "LGPL-3.0-or-later",
      "optional": true,
      "os": [
        "linux"
      ],
      "funding": {
        "url": "https://opencollective.com/libvips"
      }
    },
    "node_modules/@img/sharp-libvips-linux-s390x": {
      "version": "1.2.4",
      "resolved": "https://registry.npmjs.org/@img/sharp-libvips-linux-s390x/-/sharp-libvips-linux-s390x-1.2.4.tgz",
      "integrity": "sha512-qmp9VrzgPgMoGZyPvrQHqk02uyjA0/QrTO26Tqk6l4ZV0MPWIW6LTkqOIov+J1yEu7MbFQaDpwdwJKhbJvuRxQ==",
      "cpu": [
        "s390x"
      ],
      "license": "LGPL-3.0-or-later",
      "optional": true,
      "os": [
        "linux"
      ],
      "funding": {
        "url": "https://opencollective.com/libvips"
      }
    },
    "node_modules/@img/sharp-libvips-linux-x64": {
      "version": "1.2.4",
      "resolved": "https://registry.npmjs.org/@img/sharp-libvips-linux-x64/-/sharp-libvips-linux-x64-1.2.4.tgz",
      "integrity": "sha512-tJxiiLsmHc9Ax1bz3oaOYBURTXGIRDODBqhveVHonrHJ9/+k89qbLl0bcJns+e4t4rvaNBxaEZsFtSfAdquPrw==",
      "cpu": [
        "x64"
      ],
      "license": "LGPL-3.0-or-later",
      "optional": true,
      "os": [
        "linux"
      ],
      "funding": {
        "url": "https://opencollective.com/libvips"
      }
    },
    "node_modules/@img/sharp-libvips-linuxmusl-arm64": {
      "version": "1.2.4",
      "resolved": "https://registry.npmjs.org/@img/sharp-libvips-linuxmusl-arm64/-/sharp-libvips-linuxmusl-arm64-1.2.4.tgz",
      "integrity": "sha512-FVQHuwx1IIuNow9QAbYUzJ+En8KcVm9Lk5+uGUQJHaZmMECZmOlix9HnH7n1TRkXMS0pGxIJokIVB9SuqZGGXw==",
      "cpu": [
        "arm64"
      ],
      "license": "LGPL-3.0-or-later",
      "optional": true,
      "os": [
        "linux"
      ],
      "funding": {
        "url": "https://opencollective.com/libvips"
      }
    },
    "node_modules/@img/sharp-libvips-linuxmusl-x64": {
      "version": "1.2.4",
      "resolved": "https://registry.npmjs.org/@img/sharp-libvips-linuxmusl-x64/-/sharp-libvips-linuxmusl-x64-1.2.4.tgz",
      "integrity": "sha512-+LpyBk7L44ZIXwz/VYfglaX/okxezESc6UxDSoyo2Ks6Jxc4Y7sGjpgU9s4PMgqgjj1gZCylTieNamqA1MF7Dg==",
      "cpu": [
        "x64"
      ],
      "license": "LGPL-3.0-or-later",
      "optional": true,
      "os": [
        "linux"
      ],
      "funding": {
        "url": "https://opencollective.com/libvips"
      }
    },
    "node_modules/@img/sharp-linux-arm": {
      "version": "0.34.5",
      "resolved": "https://registry.npmjs.org/@img/sharp-linux-arm/-/sharp-linux-arm-0.34.5.tgz",
      "integrity": "sha512-9dLqsvwtg1uuXBGZKsxem9595+ujv0sJ6Vi8wcTANSFpwV/GONat5eCkzQo/1O6zRIkh0m/8+5BjrRr7jDUSZw==",
      "cpu": [
        "arm"
      ],
      "license": "Apache-2.0",
      "optional": true,
      "os": [
        "linux"
      ],
      "engines": {
        "node": "^18.17.0 || ^20.3.0 || >=21.0.0"
      },
      "funding": {
        "url": "https://opencollective.com/libvips"
      },
      "optionalDependencies": {
        "@img/sharp-libvips-linux-arm": "1.2.4"
      }
    },
    "node_modules/@img/sharp-linux-arm64": {
      "version": "0.34.5",
      "resolved": "https://registry.npmjs.org/@img/sharp-linux-arm64/-/sharp-linux-arm64-0.34.5.tgz",
      "integrity": "sha512-bKQzaJRY/bkPOXyKx5EVup7qkaojECG6NLYswgktOZjaXecSAeCWiZwwiFf3/Y+O1HrauiE3FVsGxFg8c24rZg==",
      "cpu": [
        "arm64"
      ],
      "license": "Apache-2.0",
      "optional": true,
      "os": [
        "linux"
      ],
      "engines": {
        "node": "^18.17.0 || ^20.3.0 || >=21.0.0"
      },
      "funding": {
        "url": "https://opencollective.com/libvips"
      },
      "optionalDependencies": {
        "@img/sharp-libvips-linux-arm64": "1.2.4"
      }
    },
    "node_modules/@img/sharp-linux-ppc64": {
      "version": "0.34.5",
      "resolved": "https://registry.npmjs.org/@img/sharp-linux-ppc64/-/sharp-linux-ppc64-0.34.5.tgz",
      "integrity": "sha512-7zznwNaqW6YtsfrGGDA6BRkISKAAE1Jo0QdpNYXNMHu2+0dTrPflTLNkpc8l7MUP5M16ZJcUvysVWWrMefZquA==",
      "cpu": [
        "ppc64"
      ],
      "license": "Apache-2.0",
      "optional": true,
      "os": [
        "linux"
      ],
      "engines": {
        "node": "^18.17.0 || ^20.3.0 || >=21.0.0"
      },
      "funding": {
        "url": "https://opencollective.com/libvips"
      },
      "optionalDependencies": {
        "@img/sharp-libvips-linux-ppc64": "1.2.4"
      }
    },
    "node_modules/@img/sharp-linux-riscv64": {
      "version": "0.34.5",
      "resolved": "https://registry.npmjs.org/@img/sharp-linux-riscv64/-/sharp-linux-riscv64-0.34.5.tgz",
      "integrity": "sha512-51gJuLPTKa7piYPaVs8GmByo7/U7/7TZOq+cnXJIHZKavIRHAP77e3N2HEl3dgiqdD/w0yUfiJnII77PuDDFdw==",
      "cpu": [
        "riscv64"
      ],
      "license": "Apache-2.0",
      "optional": true,
      "os": [
        "linux"
      ],
      "engines": {
        "node": "^18.17.0 || ^20.3.0 || >=21.0.0"
      },
      "funding": {
        "url": "https://opencollective.com/libvips"
      },
      "optionalDependencies": {
        "@img/sharp-libvips-linux-riscv64": "1.2.4"
      }
    },
    "node_modules/@img/sharp-linux-s390x": {
      "version": "0.34.5",
      "resolved": "https://registry.npmjs.org/@img/sharp-linux-s390x/-/sharp-linux-s390x-0.34.5.tgz",
      "integrity": "sha512-nQtCk0PdKfho3eC5MrbQoigJ2gd1CgddUMkabUj+rBevs8tZ2cULOx46E7oyX+04WGfABgIwmMC0VqieTiR4jg==",
      "cpu": [
        "s390x"
      ],
      "license": "Apache-2.0",
      "optional": true,
      "os": [
        "linux"
      ],
      "engines": {
        "node": "^18.17.0 || ^20.3.0 || >=21.0.0"
      },
      "funding": {
        "url": "https://opencollective.com/libvips"
      },
      "optionalDependencies": {
        "@img/sharp-libvips-linux-s390x": "1.2.4"
      }
    },
    "node_modules/@img/sharp-linux-x64": {
      "version": "0.34.5",
      "resolved": "https://registry.npmjs.org/@img/sharp-linux-x64/-/sharp-linux-x64-0.34.5.tgz",
      "integrity": "sha512-MEzd8HPKxVxVenwAa+JRPwEC7QFjoPWuS5NZnBt6B3pu7EG2Ge0id1oLHZpPJdn3OQK+BQDiw9zStiHBTJQQQQ==",
      "cpu": [
        "x64"
      ],
      "license": "Apache-2.0",
      "optional": true,
      "os": [
        "linux"
      ],
      "engines": {
        "node": "^18.17.0 || ^20.3.0 || >=21.0.0"
      },
      "funding": {
        "url": "https://opencollective.com/libvips"
      },
      "optionalDependencies": {
        "@img/sharp-libvips-linux-x64": "1.2.4"
      }
    },
    "node_modules/@img/sharp-linuxmusl-arm64": {
      "version": "0.34.5",
      "resolved": "https://registry.npmjs.org/@img/sharp-linuxmusl-arm64/-/sharp-linuxmusl-arm64-0.34.5.tgz",
      "integrity": "sha512-fprJR6GtRsMt6Kyfq44IsChVZeGN97gTD331weR1ex1c1rypDEABN6Tm2xa1wE6lYb5DdEnk03NZPqA7Id21yg==",
      "cpu": [
        "arm64"
      ],
      "license": "Apache-2.0",
      "optional": true,
      "os": [
        "linux"
      ],
      "engines": {
        "node": "^18.17.0 || ^20.3.0 || >=21.0.0"
      },
      "funding": {
        "url": "https://opencollective.com/libvips"
      },
      "optionalDependencies": {
        "@img/sharp-libvips-linuxmusl-arm64": "1.2.4"
      }
    },
    "node_modules/@img/sharp-linuxmusl-x64": {
      "version": "0.34.5",
      "resolved": "https://registry.npmjs.org/@img/sharp-linuxmusl-x64/-/sharp-linuxmusl-x64-0.34.5.tgz",
      "integrity": "sha512-Jg8wNT1MUzIvhBFxViqrEhWDGzqymo3sV7z7ZsaWbZNDLXRJZoRGrjulp60YYtV4wfY8VIKcWidjojlLcWrd8Q==",
      "cpu": [
        "x64"
      ],
      "license": "Apache-2.0",
      "optional": true,
      "os": [
        "linux"
      ],
      "engines": {
        "node": "^18.17.0 || ^20.3.0 || >=21.0.0"
      },
      "funding": {
        "url": "https://opencollective.com/libvips"
      },
      "optionalDependencies": {
        "@img/sharp-libvips-linuxmusl-x64": "1.2.4"
      }
    },
    "node_modules/@img/sharp-wasm32": {
      "version": "0.34.5",
      "resolved": "https://registry.npmjs.org/@img/sharp-wasm32/-/sharp-wasm32-0.34.5.tgz",
      "integrity": "sha512-OdWTEiVkY2PHwqkbBI8frFxQQFekHaSSkUIJkwzclWZe64O1X4UlUjqqqLaPbUpMOQk6FBu/HtlGXNblIs0huw==",
      "cpu": [
        "wasm32"
      ],
      "license": "Apache-2.0 AND LGPL-3.0-or-later AND MIT",
      "optional": true,
      "dependencies": {
        "@emnapi/runtime": "^1.7.0"
      },
      "engines": {
        "node": "^18.17.0 || ^20.3.0 || >=21.0.0"
      },
      "funding": {
        "url": "https://opencollective.com/libvips"
      }
    },
    "node_modules/@img/sharp-win32-arm64": {
      "version": "0.34.5",
      "resolved": "https://registry.npmjs.org/@img/sharp-win32-arm64/-/sharp-win32-arm64-0.34.5.tgz",
      "integrity": "sha512-WQ3AgWCWYSb2yt+IG8mnC6Jdk9Whs7O0gxphblsLvdhSpSTtmu69ZG1Gkb6NuvxsNACwiPV6cNSZNzt0KPsw7g==",
      "cpu": [
        "arm64"
      ],
      "license": "Apache-2.0 AND LGPL-3.0-or-later",
      "optional": true,
      "os": [
        "win32"
      ],
      "engines": {
        "node": "^18.17.0 || ^20.3.0 || >=21.0.0"
      },
      "funding": {
        "url": "https://opencollective.com/libvips"
      }
    },
    "node_modules/@img/sharp-win32-ia32": {
      "version": "0.34.5",
      "resolved": "https://registry.npmjs.org/@img/sharp-win32-ia32/-/sharp-win32-ia32-0.34.5.tgz",
      "integrity": "sha512-FV9m/7NmeCmSHDD5j4+4pNI8Cp3aW+JvLoXcTUo0IqyjSfAZJ8dIUmijx1qaJsIiU+Hosw6xM5KijAWRJCSgNg==",
      "cpu": [
        "ia32"
      ],
      "license": "Apache-2.0 AND LGPL-3.0-or-later",
      "optional": true,
      "os": [
        "win32"
      ],
      "engines": {
        "node": "^18.17.0 || ^20.3.0 || >=21.0.0"
      },
      "funding": {
        "url": "https://opencollective.com/libvips"
      }
    },
    "node_modules/@img/sharp-win32-x64": {
      "version": "0.34.5",
      "resolved": "https://registry.npmjs.org/@img/sharp-win32-x64/-/sharp-win32-x64-0.34.5.tgz",
      "integrity": "sha512-+29YMsqY2/9eFEiW93eqWnuLcWcufowXewwSNIT6UwZdUUCrM3oFjMWH/Z6/TMmb4hlFenmfAVbpWeup2jryCw==",
      "cpu": [
        "x64"
      ],
      "license": "Apache-2.0 AND LGPL-3.0-or-later",
      "optional": true,
      "os": [
        "win32"
      ],
      "engines": {
        "node": "^18.17.0 || ^20.3.0 || >=21.0.0"
      },
      "funding": {
        "url": "https://opencollective.com/libvips"
      }
    },
    "node_modules/@napi-rs/canvas": {
      "version": "0.1.96",
      "resolved": "https://registry.npmjs.org/@napi-rs/canvas/-/canvas-0.1.96.tgz",
      "integrity": "sha512-6NNmNxvoJKeucVjxaaRUt3La2i5jShgiAbaY3G/72s1Vp3U06XPrAIxkAjBxpDcamEn/t+WJ4OOlGmvILo4/Ew==",
      "license": "MIT",
      "optional": true,
      "workspaces": [
        "e2e/*"
      ],
      "engines": {
        "node": ">= 10"
      },
      "funding": {
        "type": "github",
        "url": "https://github.com/sponsors/Brooooooklyn"
      },
      "optionalDependencies": {
        "@napi-rs/canvas-android-arm64": "0.1.96",
        "@napi-rs/canvas-darwin-arm64": "0.1.96",
        "@napi-rs/canvas-darwin-x64": "0.1.96",
        "@napi-rs/canvas-linux-arm-gnueabihf": "0.1.96",
        "@napi-rs/canvas-linux-arm64-gnu": "0.1.96",
        "@napi-rs/canvas-linux-arm64-musl": "0.1.96",
        "@napi-rs/canvas-linux-riscv64-gnu": "0.1.96",
        "@napi-rs/canvas-linux-x64-gnu": "0.1.96",
        "@napi-rs/canvas-linux-x64-musl": "0.1.96",
        "@napi-rs/canvas-win32-arm64-msvc": "0.1.96",
        "@napi-rs/canvas-win32-x64-msvc": "0.1.96"
      }
    },
    "node_modules/@napi-rs/canvas-android-arm64": {
      "version": "0.1.96",
      "resolved": "https://registry.npmjs.org/@napi-rs/canvas-android-arm64/-/canvas-android-arm64-0.1.96.tgz",
      "integrity": "sha512-ew1sPrN3dGdZ3L4FoohPfnjq0f9/Jk7o+wP7HkQZokcXgIUD6FIyICEWGhMYzv53j63wUcPvZeAwgewX58/egg==",
      "cpu": [
        "arm64"
      ],
      "license": "MIT",
      "optional": true,
      "os": [
        "android"
      ],
      "engines": {
        "node": ">= 10"
      },
      "funding": {
        "type": "github",
        "url": "https://github.com/sponsors/Brooooooklyn"
      }
    },
    "node_modules/@napi-rs/canvas-darwin-arm64": {
      "version": "0.1.96",
      "resolved": "https://registry.npmjs.org/@napi-rs/canvas-darwin-arm64/-/canvas-darwin-arm64-0.1.96.tgz",
      "integrity": "sha512-Q/wOXZ5PzTqpdmA5eUOcegCf4Go/zz3aZ5DlzSeDpOjFmfwMKh8EzLAoweQ+mJVagcHQyzoJhaTEnrO68TNyNg==",
      "cpu": [
        "arm64"
      ],
      "license": "MIT",
      "optional": true,
      "os": [
        "darwin"
      ],
      "engines": {
        "node": ">= 10"
      },
      "funding": {
        "type": "github",
        "url": "https://github.com/sponsors/Brooooooklyn"
      }
    },
    "node_modules/@napi-rs/canvas-darwin-x64": {
      "version": "0.1.96",
      "resolved": "https://registry.npmjs.org/@napi-rs/canvas-darwin-x64/-/canvas-darwin-x64-0.1.96.tgz",
      "integrity": "sha512-UrXiQz28tQEvGM1qvyptewOAfmUrrd5+wvi6Rzjj2VprZI8iZ2KIvBD2lTTG1bVF95AbeDeG7PJA0D9sLKaOFA==",
      "cpu": [
        "x64"
      ],
      "license": "MIT",
      "optional": true,
      "os": [
        "darwin"
      ],
      "engines": {
        "node": ">= 10"
      },
      "funding": {
        "type": "github",
        "url": "https://github.com/sponsors/Brooooooklyn"
      }
    },
    "node_modules/@napi-rs/canvas-linux-arm-gnueabihf": {
      "version": "0.1.96",
      "resolved": "https://registry.npmjs.org/@napi-rs/canvas-linux-arm-gnueabihf/-/canvas-linux-arm-gnueabihf-0.1.96.tgz",
      "integrity": "sha512-I90ODxweD8aEP6XKU/NU+biso95MwCtQ2F46dUvhec1HesFi0tq/tAJkYic/1aBSiO/1kGKmSeD1B0duOHhEHQ==",
      "cpu": [
        "arm"
      ],
      "license": "MIT",
      "optional": true,
      "os": [
        "linux"
      ],
      "engines": {
        "node": ">= 10"
      },
      "funding": {
        "type": "github",
        "url": "https://github.com/sponsors/Brooooooklyn"
      }
    },
    "node_modules/@napi-rs/canvas-linux-arm64-gnu": {
      "version": "0.1.96",
      "resolved": "https://registry.npmjs.org/@napi-rs/canvas-linux-arm64-gnu/-/canvas-linux-arm64-gnu-0.1.96.tgz",
      "integrity": "sha512-Dx/0+RFV++w3PcRy+4xNXkghhXjA5d0Mw1bs95emn5Llinp1vihMaA6WJt3oYv2LAHc36+gnrhIBsPhUyI2SGw==",
      "cpu": [
        "arm64"
      ],
      "license": "MIT",
      "optional": true,
      "os": [
        "linux"
      ],
      "engines": {
        "node": ">= 10"
      },
      "funding": {
        "type": "github",
        "url": "https://github.com/sponsors/Brooooooklyn"
      }
    },
    "node_modules/@napi-rs/canvas-linux-arm64-musl": {
      "version": "0.1.96",
      "resolved": "https://registry.npmjs.org/@napi-rs/canvas-linux-arm64-musl/-/canvas-linux-arm64-musl-0.1.96.tgz",
      "integrity": "sha512-UvOi7fii3IE2KDfEfhh8m+LpzSRvhGK7o1eho99M2M0HTik11k3GX+2qgVx9EtujN3/bhFFS1kSO3+vPMaJ0Mg==",
      "cpu": [
        "arm64"
      ],
      "license": "MIT",
      "optional": true,
      "os": [
        "linux"
      ],
      "engines": {
        "node": ">= 10"
      },
      "funding": {
        "type": "github",
        "url": "https://github.com/sponsors/Brooooooklyn"
      }
    },
    "node_modules/@napi-rs/canvas-linux-riscv64-gnu": {
      "version": "0.1.96",
      "resolved": "https://registry.npmjs.org/@napi-rs/canvas-linux-riscv64-gnu/-/canvas-linux-riscv64-gnu-0.1.96.tgz",
      "integrity": "sha512-MBSukhGCQ5nRtf9NbFYWOU080yqkZU1PbuH4o1ROvB4CbPl12fchDR35tU83Wz8gWIM9JTn99lBn9DenPIv7Ig==",
      "cpu": [
        "riscv64"
      ],
      "license": "MIT",
      "optional": true,
      "os": [
        "linux"
      ],
      "engines": {
        "node": ">= 10"
      },
      "funding": {
        "type": "github",
        "url": "https://github.com/sponsors/Brooooooklyn"
      }
    },
    "node_modules/@napi-rs/canvas-linux-x64-gnu": {
      "version": "0.1.96",
      "resolved": "https://registry.npmjs.org/@napi-rs/canvas-linux-x64-gnu/-/canvas-linux-x64-gnu-0.1.96.tgz",
      "integrity": "sha512-I/ccu2SstyKiV3HIeVzyBIWfrJo8cN7+MSQZPnabewWV6hfJ2nY7Df2WqOHmobBRUw84uGR6zfQHsUEio/m5Vg==",
      "cpu": [
        "x64"
      ],
      "license": "MIT",
      "optional": true,
      "os": [
        "linux"
      ],
      "engines": {
        "node": ">= 10"
      },
      "funding": {
        "type": "github",
        "url": "https://github.com/sponsors/Brooooooklyn"
      }
    },
    "node_modules/@napi-rs/canvas-linux-x64-musl": {
      "version": "0.1.96",
      "resolved": "https://registry.npmjs.org/@napi-rs/canvas-linux-x64-musl/-/canvas-linux-x64-musl-0.1.96.tgz",
      "integrity": "sha512-H3uov7qnTl73GDT4h52lAqpJPsl1tIUyNPWJyhQ6gHakohNqqRq3uf80+NEpzcytKGEOENP1wX3yGwZxhjiWEQ==",
      "cpu": [
        "x64"
      ],
      "license": "MIT",
      "optional": true,
      "os": [
        "linux"
      ],
      "engines": {
        "node": ">= 10"
      },
      "funding": {
        "type": "github",
        "url": "https://github.com/sponsors/Brooooooklyn"
      }
    },
    "node_modules/@napi-rs/canvas-win32-arm64-msvc": {
      "version": "0.1.96",
      "resolved": "https://registry.npmjs.org/@napi-rs/canvas-win32-arm64-msvc/-/canvas-win32-arm64-msvc-0.1.96.tgz",
      "integrity": "sha512-ATp6Y+djOjYtkfV/VRH7CZ8I1MEtkUQBmKUbuWw5zWEHHqfL0cEcInE4Cxgx7zkNAhEdBbnH8HMVrqNp+/gwxA==",
      "cpu": [
        "arm64"
      ],
      "license": "MIT",
      "optional": true,
      "os": [
        "win32"
      ],
      "engines": {
        "node": ">= 10"
      },
      "funding": {
        "type": "github",
        "url": "https://github.com/sponsors/Brooooooklyn"
      }
    },
    "node_modules/@napi-rs/canvas-win32-x64-msvc": {
      "version": "0.1.96",
      "resolved": "https://registry.npmjs.org/@napi-rs/canvas-win32-x64-msvc/-/canvas-win32-x64-msvc-0.1.96.tgz",
      "integrity": "sha512-UYGdTltVd+Z8mcIuoqGmAXXUvwH5CLf2M6mIB5B0/JmX5J041jETjqtSYl7gN+aj3k1by/SG6sS0hAwCqyK7zw==",
      "cpu": [
        "x64"
      ],
      "license": "MIT",
      "optional": true,
      "os": [
        "win32"
      ],
      "engines": {
        "node": ">= 10"
      },
      "funding": {
        "type": "github",
        "url": "https://github.com/sponsors/Brooooooklyn"
      }
    },
    "node_modules/detect-libc": {
      "version": "2.1.2",
      "resolved": "https://registry.npmjs.org/detect-libc/-/detect-libc-2.1.2.tgz",
      "integrity": "sha512-Btj2BOOO83o3WyH59e8MgXsxEQVcarkUOpEYrubB0urwnN10yQ364rsiByU11nZlqWYZm05i/of7io4mzihBtQ==",
      "license": "Apache-2.0",
      "engines": {
        "node": ">=8"
      }
    },
    "node_modules/node-readable-to-web-readable-stream": {
      "version": "0.4.2",
      "resolved": "https://registry.npmjs.org/node-readable-to-web-readable-stream/-/node-readable-to-web-readable-stream-0.4.2.tgz",
      "integrity": "sha512-/cMZNI34v//jUTrI+UIo4ieHAB5EZRY/+7OmXZgBxaWBMcW2tGdceIw06RFxWxrKZ5Jp3sI2i5TsRo+CBhtVLQ==",
      "license": "MIT",
      "optional": true
    },
    "node_modules/pdf-to-img": {
      "version": "5.0.0",
      "resolved": "https://registry.npmjs.org/pdf-to-img/-/pdf-to-img-5.0.0.tgz",
      "integrity": "sha512-QJy7P2Qbk86lntPPIC3HVZAyw/CvM+CP592UbO7grborOJ74Icspb8A2sdHO33MDb/WHwHZpSJxd771rQTlZKA==",
      "license": "MIT",
      "dependencies": {
        "pdfjs-dist": "~5.4.0"
      },
      "bin": {
        "pdf2img": "bin/cli.mjs"
      },
      "engines": {
        "node": ">=20"
      }
    },
    "node_modules/pdfjs-dist": {
      "version": "5.4.624",
      "resolved": "https://registry.npmjs.org/pdfjs-dist/-/pdfjs-dist-5.4.624.tgz",
      "integrity": "sha512-sm6TxKTtWv1Oh6n3C6J6a8odejb5uO4A4zo/2dgkHuC0iu8ZMAXOezEODkVaoVp8nX1Xzr+0WxFJJmUr45hQzg==",
      "license": "Apache-2.0",
      "engines": {
        "node": ">=20.16.0 || >=22.3.0"
      },
      "optionalDependencies": {
        "@napi-rs/canvas": "^0.1.88",
        "node-readable-to-web-readable-stream": "^0.4.2"
      }
    },
    "node_modules/semver": {
      "version": "7.7.4",
      "resolved": "https://registry.npmjs.org/semver/-/semver-7.7.4.tgz",
      "integrity": "sha512-vFKC2IEtQnVhpT78h1Yp8wzwrf8CM+MzKMHGJZfBtzhZNycRFnXsHk6E5TxIkkMsgNS7mdX3AGB7x2QM2di4lA==",
      "license": "ISC",
      "bin": {
        "semver": "bin/semver.js"
      },
      "engines": {
        "node": ">=10"
      }
    },
    "node_modules/sharp": {
      "version": "0.34.5",
      "resolved": "https://registry.npmjs.org/sharp/-/sharp-0.34.5.tgz",
      "integrity": "sha512-Ou9I5Ft9WNcCbXrU9cMgPBcCK8LiwLqcbywW3t4oDV37n1pzpuNLsYiAV8eODnjbtQlSDwZ2cUEeQz4E54Hltg==",
      "hasInstallScript": true,
      "license": "Apache-2.0",
      "dependencies": {
        "@img/colour": "^1.0.0",
        "detect-libc": "^2.1.2",
        "semver": "^7.7.3"
      },
      "engines": {
        "node": "^18.17.0 || ^20.3.0 || >=21.0.0"
      },
      "funding": {
        "url": "https://opencollective.com/libvips"
      },
      "optionalDependencies": {
        "@img/sharp-darwin-arm64": "0.34.5",
        "@img/sharp-darwin-x64": "0.34.5",
        "@img/sharp-libvips-darwin-arm64": "1.2.4",
        "@img/sharp-libvips-darwin-x64": "1.2.4",
        "@img/sharp-libvips-linux-arm": "1.2.4",
        "@img/sharp-libvips-linux-arm64": "1.2.4",
        "@img/sharp-libvips-linux-ppc64": "1.2.4",
        "@img/sharp-libvips-linux-riscv64": "1.2.4",
        "@img/sharp-libvips-linux-s390x": "1.2.4",
        "@img/sharp-libvips-linux-x64": "1.2.4",
        "@img/sharp-libvips-linuxmusl-arm64": "1.2.4",
        "@img/sharp-libvips-linuxmusl-x64": "1.2.4",
        "@img/sharp-linux-arm": "0.34.5",
        "@img/sharp-linux-arm64": "0.34.5",
        "@img/sharp-linux-ppc64": "0.34.5",
        "@img/sharp-linux-riscv64": "0.34.5",
        "@img/sharp-linux-s390x": "0.34.5",
        "@img/sharp-linux-x64": "0.34.5",
        "@img/sharp-linuxmusl-arm64": "0.34.5",
        "@img/sharp-linuxmusl-x64": "0.34.5",
        "@img/sharp-wasm32": "0.34.5",
        "@img/sharp-win32-arm64": "0.34.5",
        "@img/sharp-win32-ia32": "0.34.5",
        "@img/sharp-win32-x64": "0.34.5"
      }
    },
    "node_modules/tslib": {
      "version": "2.8.1",
      "resolved": "https://registry.npmjs.org/tslib/-/tslib-2.8.1.tgz",
      "integrity": "sha512-oJFu94HQb+KVduSUQL7wnpmqnfmLsOA/nAh6b6EH0wCEoK0/mPeXU6c3wKDV83MkOuHPRHtSXKKU99IBazS/2w==",
      "license": "0BSD",
      "optional": true
    }
  }
}
